
Microsoft Visual Studio Solution File, Format Version 12.00
# Visual Studio for Mac
Project("{FAE04EC0-301F-11D3-BF4B-00C04F79EFBC}") = "NuVuAssets", "NuVuAssets.csproj", "{73CC9A7F-24C1-CB28-F897-2ED31EE1F925}"
EndProject
Global
	GlobalSection(SolutionConfigurationPlatforms) = preSolution
		Debug|Any CPU = Debug|Any CPU
		Release|Any CPU = Release|Any CPU
	EndGlobalSection
	GlobalSection(ProjectConfigurationPlatforms) = postSolution
		{73CC9A7F-24C1-CB28-F897-2ED31EE1F925}.Debug|Any CPU.ActiveCfg = Debug|Any CPU
		{73CC9A7F-24C1-CB28-F897-2ED31EE1F925}.Debug|Any CPU.Build.0 = Debug|Any CPU
		{73CC9A7F-24C1-CB28-F897-2ED31EE1F925}.Release|Any CPU.ActiveCfg = Release|Any CPU
		{73CC9A7F-24C1-CB28-F897-2ED31EE1F925}.Release|Any CPU.Build.0 = Release|Any CPU
	EndGlobalSection
	GlobalSection(SolutionProperties) = preSolution
		HideSolutionNode = FALSE
	EndGlobalSection
EndGlobal
